Microsoft Visual Studio Solution File, Format Version 11.00
# Visual Studio 2008

Project("{D3AB3D51-84FE-9B1B-4428-E4FFB797BDCA}") = "Bag", "Assembly-CSharp.csproj", "{4EA8096F-B637-312E-75FC-FBB06DAFCD7E}"
EndProject
Project("{D3AB3D51-84FE-9B1B-4428-E4FFB797BDCA}") = "Bag", "Assembly-CSharp-Editor.csproj", "{98145EA9-2488-CA6F-7EA4-E6A3B18DAF16}"
EndProject
Global
	GlobalSection(SolutionConfigurationPlatforms) = preSolution
		Debug|Any CPU = Debug|Any CPU
		Release|Any CPU = Release|Any CPU
	EndGlobalSection
	GlobalSection(ProjectConfigurationPlatforms) = postSolution
		{4EA8096F-B637-312E-75FC-FBB06DAFCD7E}.Debug|Any CPU.ActiveCfg = Debug|Any CPU
		{4EA8096F-B637-312E-75FC-FBB06DAFCD7E}.Debug|Any CPU.Build.0 = Debug|Any CPU
		{4EA8096F-B637-312E-75FC-FBB06DAFCD7E}.Release|Any CPU.ActiveCfg = Release|Any CPU
		{4EA8096F-B637-312E-75FC-FBB06DAFCD7E}.Release|Any CPU.Build.0 = Release|Any CPU
		{98145EA9-2488-CA6F-7EA4-E6A3B18DAF16}.Debug|Any CPU.ActiveCfg = Debug|Any CPU
		{98145EA9-2488-CA6F-7EA4-E6A3B18DAF16}.Debug|Any CPU.Build.0 = Debug|Any CPU
		{98145EA9-2488-CA6F-7EA4-E6A3B18DAF16}.Release|Any CPU.ActiveCfg = Release|Any CPU
		{98145EA9-2488-CA6F-7EA4-E6A3B18DAF16}.Release|Any CPU.Build.0 = Release|Any CPU
	EndGlobalSection
	GlobalSection(SolutionProperties) = preSolution
		HideSolutionNode = FALSE
	EndGlobalSection
	GlobalSection(MonoDevelopProperties) = preSolution
		StartupItem = Assembly-CSharp.csproj
	EndGlobalSection
EndGlobal
